// !$*UTF8*$!
{
	archiveVersion = 1;
	classes = {
	};
	objectVersion = 46;
	objects = {

/* Begin PBXBuildFile section */
		187B12711A431709002D3B81 /* main.m in Sources */ = {isa = PBXBuildFile; fileRef = 187B12701A431709002D3B81 /* main.m */; };
		187B12741A431709002D3B81 /* AppDelegate.m in Sources */ = {isa = PBXBuildFile; fileRef = 187B12731A431709002D3B81 /* AppDelegate.m */; };
		187B12771A431709002D3B81 /* ViewController.m in Sources */ = {isa = PBXBuildFile; fileRef = 187B12761A431709002D3B81 /* ViewController.m */; };
		187B127A1A431709002D3B81 /* Main.storyboard in Resources */ = {isa = PBXBuildFile; fileRef = 187B12781A431709002D3B81 /* Main.storyboard */; };
		187B127C1A431709002D3B81 /* Images.xcassets in Resources */ = {isa = PBXBuildFile; fileRef = 187B127B1A431709002D3B81 /* Images.xcassets */; };
		187B127F1A431709002D3B81 /* LaunchScreen.xib in Resources */ = {isa = PBXBuildFile; fileRef = 187B127D1A431709002D3B81 /* LaunchScreen.xib */; };
		187B128B1A431709002D3B81 /* AssignMap_OfficeTests.m in Sources */ = {isa = PBXBuildFile; fileRef = 187B128A1A431709002D3B81 /* AssignMap_OfficeTests.m */; };
		187B12951A431757002D3B81 /* companydata.plist in Resources */ = {isa = PBXBuildFile; fileRef = 187B12941A431757002D3B81 /* companydata.plist */; };
		187B12971A431CA4002D3B81 /* CoreLocation.framework in Frameworks */ = {isa = PBXBuildFile; fileRef = 187B12961A431CA4002D3B81 /* CoreLocation.framework */; };
		187B12991A431CB3002D3B81 /* MapKit.framework in Frameworks */ = {isa = PBXBuildFile; fileRef = 187B12981A431CB3002D3B81 /* MapKit.framework */; };
		187B129C1A432576002D3B81 /* OfficeDetail.m in Sources */ = {isa = PBXBuildFile; fileRef = 187B129B1A432576002D3B81 /* OfficeDetail.m */; };
/* End PBXBuildFile section */

/* Begin PBXContainerItemProxy section */
		187B12851A431709002D3B81 /* PBXContainerItemProxy */ = {
			isa = PBXContainerItemProxy;
			containerPortal = 187B12631A431709002D3B81 /* Project object */;
			proxyType = 1;
			remoteGlobalIDString = 187B126A1A431709002D3B81;
			remoteInfo = AssignMap_Office;
		};
/* End PBXContainerItemProxy section */

/* Begin PBXFileReference section */
		187B126B1A431709002D3B81 /* AssignMap_Office.app */ = {isa = PBXFileReference; explicitFileType = wrapper.application; includeInIndex = 0; path = AssignMap_Office.app; sourceTree = BUILT_PRODUCTS_DIR; };
		187B126F1A431709002D3B81 /* Info.plist */ = {isa = PBXFileReference; lastKnownFileType = text.plist.xml; path = Info.plist; sourceTree = "<group>"; };
		187B12701A431709002D3B81 /* main.m */ = {isa = PBXFileReference; lastKnownFileType = sourcecode.c.objc; path = main.m; sourceTree = "<group>"; };
		187B12721A431709002D3B81 /* AppDelegate.h */ = {isa = PBXFileReference; lastKnownFileType = sourcecode.c.h; path = AppDelegate.h; sourceTree = "<group>"; };
		187B12731A431709002D3B81 /* AppDelegate.m */ = {isa = PBXFileReference; lastKnownFileType = sourcecode.c.objc; path = AppDelegate.m; sourceTree = "<group>"; };
		187B12751A431709002D3B81 /* ViewController.h */ = {isa = PBXFileReference; lastKnownFileType = sourcecode.c.h; path = ViewController.h; sourceTree = "<group>"; };
		187B12761A431709002D3B81 /* ViewController.m */ = {isa = PBXFileReference; lastKnownFileType = sourcecode.c.objc; path = ViewController.m; sourceTree = "<group>"; };
		187B12791A431709002D3B81 /* Base */ = {isa = PBXFileReference; lastKnownFileType = file.storyboard; name = Base; path = Base.lproj/Main.storyboard; sourceTree = "<group>"; };
		187B127B1A431709002D3B81 /* Images.xcassets */ = {isa = PBXFileReference; lastKnownFileType = folder.assetcatalog; path = Images.xcassets; sourceTree = "<group>"; };
		187B127E1A431709002D3B81 /* Base */ = {isa = PBXFileReference; lastKnownFileType = file.xib; name = Base; path = Base.lproj/LaunchScreen.xib; sourceTree = "<group>"; };
		187B12841A431709002D3B81 /* AssignMap_OfficeTests.xctest */ = {isa = PBXFileReference; explicitFileType = wrapper.cfbundle; includeInIndex = 0; path = AssignMap_OfficeTests.xctest; sourceTree = BUILT_PRODUCTS_DIR; };
		187B12891A431709002D3B81 /* Info.plist */ = {isa = PBXFileReference; lastKnownFileType = text.plist.xml; path = Info.plist; sourceTree = "<group>"; };
		187B128A1A431709002D3B81 /* AssignMap_OfficeTests.m */ = {isa = PBXFileReference; lastKnownFileType = sourcecode.c.objc; path = AssignMap_OfficeTests.m; sourceTree = "<group>"; };
		187B12941A431757002D3B81 /* companydata.plist */ = {isa = PBXFileReference; fileEncoding = 4; lastKnownFileType = text.plist.xml; path = companydata.plist; sourceTree = "<group>"; };
		187B12961A431CA4002D3B81 /* CoreLocation.framework */ = {isa = PBXFileReference; lastKnownFileType = wrapper.framework; name = CoreLocation.framework; path = System/Library/Frameworks/CoreLocation.framework; sourceTree = SDKROOT; };
		187B12981A431CB3002D3B81 /* MapKit.framework */ = {isa = PBXFileReference; lastKnownFileType = wrapper.framework; name = MapKit.framework; path = System/Library/Frameworks/MapKit.framework; sourceTree = SDKROOT; };
		187B129A1A432576002D3B81 /* OfficeDetail.h */ = {isa = PBXFileReference; fileEncoding = 4; lastKnownFileType = sourcecode.c.h; path = OfficeDetail.h; sourceTree = "<group>"; };
		187B129B1A432576002D3B81 /* OfficeDetail.m */ = {isa = PBXFileReference; fileEncoding = 4; lastKnownFileType = sourcecode.c.objc; path = OfficeDetail.m; sourceTree = "<group>"; };
/* End PBXFileReference section */

/* Begin PBXFrameworksBuildPhase section */
		187B12681A431709002D3B81 /* Frameworks */ = {
			isa = PBXFrameworksBuildPhase;
			buildActionMask = 2147483647;
			files = (
				187B12991A431CB3002D3B81 /* MapKit.framework in Frameworks */,
				187B12971A431CA4002D3B81 /* CoreLocation.framework in Frameworks */,
			);
			runOnlyForDeploymentPostprocessing = 0;
		};
		187B12811A431709002D3B81 /* Frameworks */ = {
			isa = PBXFrameworksBuildPhase;
			buildActionMask = 2147483647;
			files = (
			);
			runOnlyForDeploymentPostprocessing = 0;
		};
/* End PBXFrameworksBuildPhase section */

/* Begin PBXGroup section */
		187B12621A431709002D3B81 = {
			isa = PBXGroup;
			children = (
				187B12981A431CB3002D3B81 /* MapKit.framework */,
				187B12961A431CA4002D3B81 /* CoreLocation.framework */,
				187B12941A431757002D3B81 /* companydata.plist */,
				187B126D1A431709002D3B81 /* AssignMap_Office */,
				187B12871A431709002D3B81 /* AssignMap_OfficeTests */,
				187B126C1A431709002D3B81 /* Products */,
			);
			sourceTree = "<group>";
		};
		187B126C1A431709002D3B81 /* Products */ = {
			isa = PBXGroup;
			children = (
				187B126B1A431709002D3B81 /* AssignMap_Office.app */,
				187B12841A431709002D3B81 /* AssignMap_OfficeTests.xctest */,
			);
			name = Products;
			sourceTree = "<group>";
		};
		187B126D1A431709002D3B81 /* AssignMap_Office */ = {
			isa = PBXGroup;
			children = (
				187B12721A431709002D3B81 /* AppDelegate.h */,
				187B12731A431709002D3B81 /* AppDelegate.m */,
				187B12751A431709002D3B81 /* ViewController.h */,
				187B12761A431709002D3B81 /* ViewController.m */,
				187B12781A431709002D3B81 /* Main.storyboard */,
				187B127B1A431709002D3B81 /* Images.xcassets */,
				187B127D1A431709002D3B81 /* LaunchScreen.xib */,
				187B126E1A431709002D3B81 /* Supporting Files */,
				187B129A1A432576002D3B81 /* OfficeDetail.h */,
				187B129B1A432576002D3B81 /* OfficeDetail.m */,
			);
			path = AssignMap_Office;
			sourceTree = "<group>";
		};
		187B126E1A431709002D3B81 /* Supporting Files */ = {
			isa = PBXGroup;
			children = (
				187B126F1A431709002D3B81 /* Info.plist */,
				187B12701A431709002D3B81 /* main.m */,
			);
			name = "Supporting Files";
			sourceTree = "<group>";
		};
		187B12871A431709002D3B81 /* AssignMap_OfficeTests */ = {
			isa = PBXGroup;
			children = (
				187B128A1A431709002D3B81 /* AssignMap_OfficeTests.m */,
				187B12881A431709002D3B81 /* Supporting Files */,
			);
			path = AssignMap_OfficeTests;
			sourceTree = "<group>";
		};
		187B12881A431709002D3B81 /* Supporting Files */ = {
			isa = PBXGroup;
			children = (
				187B12891A431709002D3B81 /* Info.plist */,
			);
			name = "Supporting Files";
			sourceTree = "<group>";
		};
/* End PBXGroup section */

/* Begin PBXNativeTarget section */
		187B126A1A431709002D3B81 /* AssignMap_Office */ = {
			isa = PBXNativeTarget;
			buildConfigurationList = 187B128E1A431709002D3B81 /* Build configuration list for PBXNativeTarget "AssignMap_Office" */;
			buildPhases = (
				187B12671A431709002D3B81 /* Sources */,
				187B12681A431709002D3B81 /* Frameworks */,
				187B12691A431709002D3B81 /* Resources */,
			);
			buildRules = (
			);
			dependencies = (
			);
			name = AssignMap_Office;
			productName = AssignMap_Office;
			productReference = 187B126B1A431709002D3B81 /* AssignMap_Office.app */;
			productType = "com.apple.product-type.application";
		};
		187B12831A431709002D3B81 /* AssignMap_OfficeTests */ = {
			isa = PBXNativeTarget;
			buildConfigurationList = 187B12911A431709002D3B81 /* Build configuration list for PBXNativeTarget "AssignMap_OfficeTests" */;
			buildPhases = (
				187B12801A431709002D3B81 /* Sources */,
				187B12811A431709002D3B81 /* Frameworks */,
				187B12821A431709002D3B81 /* Resources */,
			);
			buildRules = (
			);
			dependencies = (
				187B12861A431709002D3B81 /* PBXTargetDependency */,
			);
			name = AssignMap_OfficeTests;
			productName = AssignMap_OfficeTests;
			productReference = 187B12841A431709002D3B81 /* AssignMap_OfficeTests.xctest */;
			productType = "com.apple.product-type.bundle.unit-test";
		};
/* End PBXNativeTarget section */

/* Begin PBXProject section */
		187B12631A431709002D3B81 /* Project object */ = {
			isa = PBXProject;
			attributes = {
				LastUpgradeCheck = 0600;
				ORGANIZATIONNAME = Wimc_051;
				TargetAttributes = {
					187B126A1A431709002D3B81 = {
						CreatedOnToolsVersion = 6.0;
					};
					187B12831A431709002D3B81 = {
						CreatedOnToolsVersion = 6.0;
						TestTargetID = 187B126A1A431709002D3B81;
					};
				};
			};
			buildConfigurationList = 187B12661A431709002D3B81 /* Build configuration list for PBXProject "AssignMap_Office" */;
			compatibilityVersion = "Xcode 3.2";
			developmentRegion = English;
			hasScannedForEncodings = 0;
			knownRegions = (
				en,
				Base,
			);
			mainGroup = 187B12621A431709002D3B81;
			productRefGroup = 187B126C1A431709002D3B81 /* Products */;
			projectDirPath = "";
			projectRoot = "";
			targets = (
				187B126A1A431709002D3B81 /* AssignMap_Office */,
				187B12831A431709002D3B81 /* AssignMap_OfficeTests */,
			);
		};
/* End PBXProject section */

/* Begin PBXResourcesBuildPhase section */
		187B12691A431709002D3B81 /* Resources */ = {
			isa = PBXResourcesBuildPhase;
			buildActionMask = 2147483647;
			files = (
				187B12951A431757002D3B81 /* companydata.plist in Resources */,
				187B127A1A431709002D3B81 /* Main.storyboard in Resources */,
				187B127F1A431709002D3B81 /* LaunchScreen.xib in Resources */,
				187B127C1A431709002D3B81 /* Images.xcassets in Resources */,
			);
			runOnlyForDeploymentPostprocessing = 0;
		};
		187B12821A431709002D3B81 /* Resources */ = {
			isa = PBXResourcesBuildPhase;
			buildActionMask = 2147483647;
			files = (
			);
			runOnlyForDeploymentPostprocessing = 0;
		};
/* End PBXResourcesBuildPhase section */

/* Begin PBXSourcesBuildPhase section */
		187B12671A431709002D3B81 /* Sources */ = {
			isa = PBXSourcesBuildPhase;
			buildActionMask = 2147483647;
			files = (
				187B129C1A432576002D3B81 /* OfficeDetail.m in Sources */,
				187B12771A431709002D3B81 /* ViewController.m in Sources */,
				187B12741A431709002D3B81 /* AppDelegate.m in Sources */,
				187B12711A431709002D3B81 /* main.m in Sources */,
			);
			runOnlyForDeploymentPostprocessing = 0;
		};
		187B12801A431709002D3B81 /* Sources */ = {
			isa = PBXSourcesBuildPhase;
			buildActionMask = 2147483647;
			files = (
				187B128B1A431709002D3B81 /* AssignMap_OfficeTests.m in Sources */,
			);
			runOnlyForDeploymentPostprocessing = 0;
		};
/* End PBXSourcesBuildPhase section */

/* Begin PBXTargetDependency section */
		187B12861A431709002D3B81 /* PBXTargetDependency */ = {
			isa = PBXTargetDependency;
			target = 187B126A1A431709002D3B81 /* AssignMap_Office */;
			targetProxy = 187B12851A431709002D3B81 /* PBXContainerItemProxy */;
		};
/* End PBXTargetDependency section */

/* Begin PBXVariantGroup section */
		187B12781A431709002D3B81 /* Main.storyboard */ = {
			isa = PBXVariantGroup;
			children = (
				187B12791A431709002D3B81 /* Base */,
			);
			name = Main.storyboard;
			sourceTree = "<group>";
		};
		187B127D1A431709002D3B81 /* LaunchScreen.xib */ = {
			isa = PBXVariantGroup;
			children = (
				187B127E1A431709002D3B81 /* Base */,
			);
			name = LaunchScreen.xib;
			sourceTree = "<group>";
		};
/* End PBXVariantGroup section */

/* Begin XCBuildConfiguration section */
		187B128C1A431709002D3B81 /* Debug */ = {
			isa = XCBuildConfiguration;
			buildSettings = {
				ALWAYS_SEARCH_USER_PATHS = NO;
				CLANG_CXX_LANGUAGE_STANDARD = "gnu++0x";
				CLANG_CXX_LIBRARY = "libc++";
				CLANG_ENABLE_MODULES = YES;
				CLANG_ENABLE_OBJC_ARC = YES;
				CLANG_WARN_BOOL_CONVERSION = YES;
				CLANG_WARN_CONSTANT_CONVERSION = YES;
				CLANG_WARN_DIRECT_OBJC_ISA_USAGE = YES_ERROR;
				CLANG_WARN_EMPTY_BODY = YES;
				CLANG_WARN_ENUM_CONVERSION = YES;
				CLANG_WARN_INT_CONVERSION = YES;
				CLANG_WARN_OBJC_ROOT_CLASS = YES_ERROR;
				CLANG_WARN_UNREACHABLE_CODE = YES;
				CLANG_WARN__DUPLICATE_METHOD_MATCH = YES;
				"CODE_SIGN_IDENTITY[sdk=iphoneos*]" = "iPhone Developer";
				COPY_PHASE_STRIP = NO;
				ENABLE_STRICT_OBJC_MSGSEND = YES;
				GCC_C_LANGUAGE_STANDARD = gnu99;
				GCC_DYNAMIC_NO_PIC = NO;
				GCC_OPTIMIZATION_LEVEL = 0;
				GCC_PREPROCESSOR_DEFINITIONS = (
					"DEBUG=1",
					"$(inherited)",
				);
				GCC_SYMBOLS_PRIVATE_EXTERN = NO;
				GCC_WARN_64_TO_32_BIT_CONVERSION = YES;
				GCC_WARN_ABOUT_RETURN_TYPE = YES_ERROR;
				GCC_WARN_UNDECLARED_SELECTOR = YES;
				GCC_WARN_UNINITIALIZED_AUTOS = YES_AGGRESSIVE;
				GCC_WARN_UNUSED_FUNCTION = YES;
				GCC_WARN_UNUSED_VARIABLE = YES;
				IPHONEOS_DEPLOYMENT_TARGET = 8.0;
				MTL_ENABLE_DEBUG_INFO = YES;
				ONLY_ACTIVE_ARCH = YES;
				SDKROOT = iphoneos;
			};
			name = Debug;
		};
		187B128D1A431709002D3B81 /* Release */ = {
			isa = XCBuildConfiguration;
			buildSettings = {
				ALWAYS_SEARCH_USER_PATHS = NO;
				CLANG_CXX_LANGUAGE_STANDARD = "gnu++0x";
				CLANG_CXX_LIBRARY = "libc++";
				CLANG_ENABLE_MODULES = YES;
				CLANG_ENABLE_OBJC_ARC = YES;
				CLANG_WARN_BOOL_CONVERSION = YES;
				CLANG_WARN_CONSTANT_CONVERSION = YES;
				CLANG_WARN_DIRECT_OBJC_ISA_USAGE = YES_ERROR;
				CLANG_WARN_EMPTY_BODY = YES;
				CLANG_WARN_ENUM_CONVERSION = YES;
				CLANG_WARN_INT_CONVERSION = YES;
				CLANG_WARN_OBJC_ROOT_CLASS = YES_ERROR;
				CLANG_WARN_UNREACHABLE_CODE = YES;
				CLANG_WARN__DUPLICATE_METHOD_MATCH = YES;
				"CODE_SIGN_IDENTITY[sdk=iphoneos*]" = "iPhone Developer";
				COPY_PHASE_STRIP = YES;
				ENABLE_NS_ASSERTIONS = NO;
				ENABLE_STRICT_OBJC_MSGSEND = YES;
				GCC_C_LANGUAGE_STANDARD = gnu99;
				GCC_WARN_64_TO_32_BIT_CONVERSION = YES;
				GCC_WARN_ABOUT_RETURN_TYPE = YES_ERROR;
				GCC_WARN_UNDECLARED_SELECTOR = YES;
				GCC_WARN_UNINITIALIZED_AUTOS = YES_AGGRESSIVE;
				GCC_WARN_UNUSED_FUNCTION = YES;
				GCC_WARN_UNUSED_VARIABLE = YES;
				IPHONEOS_DEPLOYMENT_TARGET = 8.0;
				MTL_ENABLE_DEBUG_INFO = NO;
				SDKROOT = iphoneos;
				VALIDATE_PRODUCT = YES;
			};
			name = Release;
		};
		187B128F1A431709002D3B81 /* Debug */ = {
			isa = XCBuildConfiguration;
			buildSettings = {
				ASSETCATALOG_COMPILER_APPICON_NAME = AppIcon;
				INFOPLIST_FILE = AssignMap_Office/Info.plist;
				LD_RUNPATH_SEARCH_PATHS = "$(inherited) @executable_path/Frameworks";
				PRODUCT_NAME = "$(TARGET_NAME)";
			};
			name = Debug;
		};
		187B12901A431709002D3B81 /* Release */ = {
			isa = XCBuildConfiguration;
			buildSettings = {
				ASSETCATALOG_COMPILER_APPICON_NAME = AppIcon;
				INFOPLIST_FILE = AssignMap_Office/Info.plist;
				LD_RUNPATH_SEARCH_PATHS = "$(inherited) @executable_path/Frameworks";
				PRODUCT_NAME = "$(TARGET_NAME)";
			};
			name = Release;
		};
		187B12921A431709002D3B81 /* Debug */ = {
			isa = XCBuildConfiguration;
			buildSettings = {
				BUNDLE_LOADER = "$(TEST_HOST)";
				FRAMEWORK_SEARCH_PATHS = (
					"$(SDKROOT)/Developer/Library/Frameworks",
					"$(inherited)",
				);
				GCC_PREPROCESSOR_DEFINITIONS = (
					"DEBUG=1",
					"$(inherited)",
				);
				INFOPLIST_FILE = AssignMap_OfficeTests/Info.plist;
				LD_RUNPATH_SEARCH_PATHS = "$(inherited) @executable_path/Frameworks @loader_path/Frameworks";
				PRODUCT_NAME = "$(TARGET_NAME)";
				TEST_HOST = "$(BUILT_PRODUCTS_DIR)/AssignMap_Office.app/AssignMap_Office";
			};
			name = Debug;
		};
		187B12931A431709002D3B81 /* Release */ = {
			isa = XCBuildConfiguration;
			buildSettings = {
				BUNDLE_LOADER = "$(TEST_HOST)";
				FRAMEWORK_SEARCH_PATHS = (
					"$(SDKROOT)/Developer/Library/Frameworks",
					"$(inherited)",
				);
				INFOPLIST_FILE = AssignMap_OfficeTests/Info.plist;
				LD_RUNPATH_SEARCH_PATHS = "$(inherited) @executable_path/Frameworks @loader_path/Frameworks";
				PRODUCT_NAME = "$(TARGET_NAME)";
				TEST_HOST = "$(BUILT_PRODUCTS_DIR)/AssignMap_Office.app/AssignMap_Office";
			};
			name = Release;
		};
/* End XCBuildConfiguration section */

/* Begin XCConfigurationList section */
		187B12661A431709002D3B81 /* Build configuration list for PBXProject "AssignMap_Office" */ = {
			isa = XCConfigurationList;
			buildConfigurations = (
				187B128C1A431709002D3B81 /* Debug */,
				187B128D1A431709002D3B81 /* Release */,
			);
			defaultConfigurationIsVisible = 0;
			defaultConfigurationName = Release;
		};
		187B128E1A431709002D3B81 /* Build configuration list for PBXNativeTarget "AssignMap_Office" */ = {
			isa = XCConfigurationList;
			buildConfigurations = (
				187B128F1A431709002D3B81 /* Debug */,
				187B12901A431709002D3B81 /* Release */,
			);
			defaultConfigurationIsVisible = 0;
		};
		187B12911A431709002D3B81 /* Build configuration list for PBXNativeTarget "AssignMap_OfficeTests" */ = {
			isa = XCConfigurationList;
			buildConfigurations = (
				187B12921A431709002D3B81 /* Debug */,
				187B12931A431709002D3B81 /* Release */,
			);
			defaultConfigurationIsVisible = 0;
		};
/* End XCConfigurationList section */
	};
	rootObject = 187B12631A431709002D3B81 /* Project object */;
}
