// !$*UTF8*$!
{
	archiveVersion = 1;
	classes = {
	};
	objectVersion = 46;
	objects = {

/* Begin PBXBuildFile section */
		183CFB851A332CB400E74C87 /* UIKit.framework in Frameworks */ = {isa = PBXBuildFile; fileRef = 183CFB841A332CB400E74C87 /* UIKit.framework */; };
		183CFB871A332CB400E74C87 /* Foundation.framework in Frameworks */ = {isa = PBXBuildFile; fileRef = 183CFB861A332CB400E74C87 /* Foundation.framework */; };
		183CFB891A332CB400E74C87 /* CoreGraphics.framework in Frameworks */ = {isa = PBXBuildFile; fileRef = 183CFB881A332CB400E74C87 /* CoreGraphics.framework */; };
		183CFB8F1A332CB400E74C87 /* InfoPlist.strings in Resources */ = {isa = PBXBuildFile; fileRef = 183CFB8D1A332CB400E74C87 /* InfoPlist.strings */; };
		183CFB911A332CB400E74C87 /* main.m in Sources */ = {isa = PBXBuildFile; fileRef = 183CFB901A332CB400E74C87 /* main.m */; };
		183CFB951A332CB400E74C87 /* AppDelegate.m in Sources */ = {isa = PBXBuildFile; fileRef = 183CFB941A332CB400E74C87 /* AppDelegate.m */; };
		183CFB971A332CB400E74C87 /* Default.png in Resources */ = {isa = PBXBuildFile; fileRef = 183CFB961A332CB400E74C87 /* Default.png */; };
		183CFB991A332CB400E74C87 /* Default@2x.png in Resources */ = {isa = PBXBuildFile; fileRef = 183CFB981A332CB400E74C87 /* Default@2x.png */; };
		183CFB9B1A332CB400E74C87 /* Default-568h@2x.png in Resources */ = {isa = PBXBuildFile; fileRef = 183CFB9A1A332CB400E74C87 /* Default-568h@2x.png */; };
		183CFBA31A332CB400E74C87 /* SenTestingKit.framework in Frameworks */ = {isa = PBXBuildFile; fileRef = 183CFBA21A332CB400E74C87 /* SenTestingKit.framework */; };
		183CFBA41A332CB400E74C87 /* UIKit.framework in Frameworks */ = {isa = PBXBuildFile; fileRef = 183CFB841A332CB400E74C87 /* UIKit.framework */; };
		183CFBA51A332CB400E74C87 /* Foundation.framework in Frameworks */ = {isa = PBXBuildFile; fileRef = 183CFB861A332CB400E74C87 /* Foundation.framework */; };
		183CFBAD1A332CB400E74C87 /* InfoPlist.strings in Resources */ = {isa = PBXBuildFile; fileRef = 183CFBAB1A332CB400E74C87 /* InfoPlist.strings */; };
		183CFBB01A332CB400E74C87 /* ImageViewDemoTests.m in Sources */ = {isa = PBXBuildFile; fileRef = 183CFBAF1A332CB400E74C87 /* ImageViewDemoTests.m */; };
		183CFBBC1A332CCA00E74C87 /* FirstViewController.m in Sources */ = {isa = PBXBuildFile; fileRef = 183CFBBA1A332CCA00E74C87 /* FirstViewController.m */; };
		183CFBBD1A332CCA00E74C87 /* FirstViewController.xib in Resources */ = {isa = PBXBuildFile; fileRef = 183CFBBB1A332CCA00E74C87 /* FirstViewController.xib */; };
		183CFBCD1A332ECA00E74C87 /* India.png in Resources */ = {isa = PBXBuildFile; fileRef = 183CFBC81A332ECA00E74C87 /* India.png */; };
		183CFBCE1A332ECA00E74C87 /* Italy.png in Resources */ = {isa = PBXBuildFile; fileRef = 183CFBC91A332ECA00E74C87 /* Italy.png */; };
		183CFBCF1A332ECA00E74C87 /* Netherlands.png in Resources */ = {isa = PBXBuildFile; fileRef = 183CFBCA1A332ECA00E74C87 /* Netherlands.png */; };
		183CFBD01A332ECA00E74C87 /* Russia.png in Resources */ = {isa = PBXBuildFile; fileRef = 183CFBCB1A332ECA00E74C87 /* Russia.png */; };
		183CFBD11A332ECA00E74C87 /* Ukraine.png in Resources */ = {isa = PBXBuildFile; fileRef = 183CFBCC1A332ECA00E74C87 /* Ukraine.png */; };
/* End PBXBuildFile section */

/* Begin PBXContainerItemProxy section */
		183CFBA61A332CB400E74C87 /* PBXContainerItemProxy */ = {
			isa = PBXContainerItemProxy;
			containerPortal = 183CFB771A332CB400E74C87 /* Project object */;
			proxyType = 1;
			remoteGlobalIDString = 183CFB7F1A332CB400E74C87;
			remoteInfo = ImageViewDemo;
		};
/* End PBXContainerItemProxy section */

/* Begin PBXFileReference section */
		183CFB801A332CB400E74C87 /* ImageViewDemo.app */ = {isa = PBXFileReference; explicitFileType = wrapper.application; includeInIndex = 0; path = ImageViewDemo.app; sourceTree = BUILT_PRODUCTS_DIR; };
		183CFB841A332CB400E74C87 /* UIKit.framework */ = {isa = PBXFileReference; lastKnownFileType = wrapper.framework; name = UIKit.framework; path = System/Library/Frameworks/UIKit.framework; sourceTree = SDKROOT; };
		183CFB861A332CB400E74C87 /* Foundation.framework */ = {isa = PBXFileReference; lastKnownFileType = wrapper.framework; name = Foundation.framework; path = System/Library/Frameworks/Foundation.framework; sourceTree = SDKROOT; };
		183CFB881A332CB400E74C87 /* CoreGraphics.framework */ = {isa = PBXFileReference; lastKnownFileType = wrapper.framework; name = CoreGraphics.framework; path = System/Library/Frameworks/CoreGraphics.framework; sourceTree = SDKROOT; };
		183CFB8C1A332CB400E74C87 /* ImageViewDemo-Info.plist */ = {isa = PBXFileReference; lastKnownFileType = text.plist.xml; path = "ImageViewDemo-Info.plist"; sourceTree = "<group>"; };
		183CFB8E1A332CB400E74C87 /* en */ = {isa = PBXFileReference; lastKnownFileType = text.plist.strings; name = en; path = en.lproj/InfoPlist.strings; sourceTree = "<group>"; };
		183CFB901A332CB400E74C87 /* main.m */ = {isa = PBXFileReference; lastKnownFileType = sourcecode.c.objc; path = main.m; sourceTree = "<group>"; };
		183CFB921A332CB400E74C87 /* ImageViewDemo-Prefix.pch */ = {isa = PBXFileReference; lastKnownFileType = sourcecode.c.h; path = "ImageViewDemo-Prefix.pch"; sourceTree = "<group>"; };
		183CFB931A332CB400E74C87 /* AppDelegate.h */ = {isa = PBXFileReference; lastKnownFileType = sourcecode.c.h; path = AppDelegate.h; sourceTree = "<group>"; };
		183CFB941A332CB400E74C87 /* AppDelegate.m */ = {isa = PBXFileReference; lastKnownFileType = sourcecode.c.objc; path = AppDelegate.m; sourceTree = "<group>"; };
		183CFB961A332CB400E74C87 /* Default.png */ = {isa = PBXFileReference; lastKnownFileType = image.png; path = Default.png; sourceTree = "<group>"; };
		183CFB981A332CB400E74C87 /* Default@2x.png */ = {isa = PBXFileReference; lastKnownFileType = image.png; path = "Default@2x.png"; sourceTree = "<group>"; };
		183CFB9A1A332CB400E74C87 /* Default-568h@2x.png */ = {isa = PBXFileReference; lastKnownFileType = image.png; path = "Default-568h@2x.png"; sourceTree = "<group>"; };
		183CFBA11A332CB400E74C87 /* ImageViewDemoTests.octest */ = {isa = PBXFileReference; explicitFileType = wrapper.cfbundle; includeInIndex = 0; path = ImageViewDemoTests.octest; sourceTree = BUILT_PRODUCTS_DIR; };
		183CFBA21A332CB400E74C87 /* SenTestingKit.framework */ = {isa = PBXFileReference; lastKnownFileType = wrapper.framework; name = SenTestingKit.framework; path = Library/Frameworks/SenTestingKit.framework; sourceTree = DEVELOPER_DIR; };
		183CFBAA1A332CB400E74C87 /* ImageViewDemoTests-Info.plist */ = {isa = PBXFileReference; lastKnownFileType = text.plist.xml; path = "ImageViewDemoTests-Info.plist"; sourceTree = "<group>"; };
		183CFBAC1A332CB400E74C87 /* en */ = {isa = PBXFileReference; lastKnownFileType = text.plist.strings; name = en; path = en.lproj/InfoPlist.strings; sourceTree = "<group>"; };
		183CFBAE1A332CB400E74C87 /* ImageViewDemoTests.h */ = {isa = PBXFileReference; lastKnownFileType = sourcecode.c.h; path = ImageViewDemoTests.h; sourceTree = "<group>"; };
		183CFBAF1A332CB400E74C87 /* ImageViewDemoTests.m */ = {isa = PBXFileReference; lastKnownFileType = sourcecode.c.objc; path = ImageViewDemoTests.m; sourceTree = "<group>"; };
		183CFBB91A332CCA00E74C87 /* FirstViewController.h */ = {isa = PBXFileReference; fileEncoding = 4; lastKnownFileType = sourcecode.c.h; path = FirstViewController.h; sourceTree = "<group>"; };
		183CFBBA1A332CCA00E74C87 /* FirstViewController.m */ = {isa = PBXFileReference; fileEncoding = 4; lastKnownFileType = sourcecode.c.objc; path = FirstViewController.m; sourceTree = "<group>"; };
		183CFBBB1A332CCA00E74C87 /* FirstViewController.xib */ = {isa = PBXFileReference; fileEncoding = 4; lastKnownFileType = file.xib; path = FirstViewController.xib; sourceTree = "<group>"; };
		183CFBC81A332ECA00E74C87 /* India.png */ = {isa = PBXFileReference; lastKnownFileType = image.png; path = India.png; sourceTree = "<group>"; };
		183CFBC91A332ECA00E74C87 /* Italy.png */ = {isa = PBXFileReference; lastKnownFileType = image.png; path = Italy.png; sourceTree = "<group>"; };
		183CFBCA1A332ECA00E74C87 /* Netherlands.png */ = {isa = PBXFileReference; lastKnownFileType = image.png; path = Netherlands.png; sourceTree = "<group>"; };
		183CFBCB1A332ECA00E74C87 /* Russia.png */ = {isa = PBXFileReference; lastKnownFileType = image.png; path = Russia.png; sourceTree = "<group>"; };
		183CFBCC1A332ECA00E74C87 /* Ukraine.png */ = {isa = PBXFileReference; lastKnownFileType = image.png; path = Ukraine.png; sourceTree = "<group>"; };
/* End PBXFileReference section */

/* Begin PBXFrameworksBuildPhase section */
		183CFB7D1A332CB400E74C87 /* Frameworks */ = {
			isa = PBXFrameworksBuildPhase;
			buildActionMask = 2147483647;
			files = (
				183CFB851A332CB400E74C87 /* UIKit.framework in Frameworks */,
				183CFB871A332CB400E74C87 /* Foundation.framework in Frameworks */,
				183CFB891A332CB400E74C87 /* CoreGraphics.framework in Frameworks */,
			);
			runOnlyForDeploymentPostprocessing = 0;
		};
		183CFB9D1A332CB400E74C87 /* Frameworks */ = {
			isa = PBXFrameworksBuildPhase;
			buildActionMask = 2147483647;
			files = (
				183CFBA31A332CB400E74C87 /* SenTestingKit.framework in Frameworks */,
				183CFBA41A332CB400E74C87 /* UIKit.framework in Frameworks */,
				183CFBA51A332CB400E74C87 /* Foundation.framework in Frameworks */,
			);
			runOnlyForDeploymentPostprocessing = 0;
		};
/* End PBXFrameworksBuildPhase section */

/* Begin PBXGroup section */
		183CFB751A332CB400E74C87 = {
			isa = PBXGroup;
			children = (
				183CFB8A1A332CB400E74C87 /* ImageViewDemo */,
				183CFBA81A332CB400E74C87 /* ImageViewDemoTests */,
				183CFB831A332CB400E74C87 /* Frameworks */,
				183CFB811A332CB400E74C87 /* Products */,
			);
			sourceTree = "<group>";
		};
		183CFB811A332CB400E74C87 /* Products */ = {
			isa = PBXGroup;
			children = (
				183CFB801A332CB400E74C87 /* ImageViewDemo.app */,
				183CFBA11A332CB400E74C87 /* ImageViewDemoTests.octest */,
			);
			name = Products;
			sourceTree = "<group>";
		};
		183CFB831A332CB400E74C87 /* Frameworks */ = {
			isa = PBXGroup;
			children = (
				183CFB841A332CB400E74C87 /* UIKit.framework */,
				183CFB861A332CB400E74C87 /* Foundation.framework */,
				183CFB881A332CB400E74C87 /* CoreGraphics.framework */,
				183CFBA21A332CB400E74C87 /* SenTestingKit.framework */,
			);
			name = Frameworks;
			sourceTree = "<group>";
		};
		183CFB8A1A332CB400E74C87 /* ImageViewDemo */ = {
			isa = PBXGroup;
			children = (
				183CFBC81A332ECA00E74C87 /* India.png */,
				183CFBC91A332ECA00E74C87 /* Italy.png */,
				183CFBCA1A332ECA00E74C87 /* Netherlands.png */,
				183CFBCB1A332ECA00E74C87 /* Russia.png */,
				183CFBCC1A332ECA00E74C87 /* Ukraine.png */,
				183CFB931A332CB400E74C87 /* AppDelegate.h */,
				183CFB941A332CB400E74C87 /* AppDelegate.m */,
				183CFB8B1A332CB400E74C87 /* Supporting Files */,
				183CFBB91A332CCA00E74C87 /* FirstViewController.h */,
				183CFBBA1A332CCA00E74C87 /* FirstViewController.m */,
				183CFBBB1A332CCA00E74C87 /* FirstViewController.xib */,
			);
			path = ImageViewDemo;
			sourceTree = "<group>";
		};
		183CFB8B1A332CB400E74C87 /* Supporting Files */ = {
			isa = PBXGroup;
			children = (
				183CFB8C1A332CB400E74C87 /* ImageViewDemo-Info.plist */,
				183CFB8D1A332CB400E74C87 /* InfoPlist.strings */,
				183CFB901A332CB400E74C87 /* main.m */,
				183CFB921A332CB400E74C87 /* ImageViewDemo-Prefix.pch */,
				183CFB961A332CB400E74C87 /* Default.png */,
				183CFB981A332CB400E74C87 /* Default@2x.png */,
				183CFB9A1A332CB400E74C87 /* Default-568h@2x.png */,
			);
			name = "Supporting Files";
			sourceTree = "<group>";
		};
		183CFBA81A332CB400E74C87 /* ImageViewDemoTests */ = {
			isa = PBXGroup;
			children = (
				183CFBAE1A332CB400E74C87 /* ImageViewDemoTests.h */,
				183CFBAF1A332CB400E74C87 /* ImageViewDemoTests.m */,
				183CFBA91A332CB400E74C87 /* Supporting Files */,
			);
			path = ImageViewDemoTests;
			sourceTree = "<group>";
		};
		183CFBA91A332CB400E74C87 /* Supporting Files */ = {
			isa = PBXGroup;
			children = (
				183CFBAA1A332CB400E74C87 /* ImageViewDemoTests-Info.plist */,
				183CFBAB1A332CB400E74C87 /* InfoPlist.strings */,
			);
			name = "Supporting Files";
			sourceTree = "<group>";
		};
/* End PBXGroup section */

/* Begin PBXNativeTarget section */
		183CFB7F1A332CB400E74C87 /* ImageViewDemo */ = {
			isa = PBXNativeTarget;
			buildConfigurationList = 183CFBB31A332CB400E74C87 /* Build configuration list for PBXNativeTarget "ImageViewDemo" */;
			buildPhases = (
				183CFB7C1A332CB400E74C87 /* Sources */,
				183CFB7D1A332CB400E74C87 /* Frameworks */,
				183CFB7E1A332CB400E74C87 /* Resources */,
			);
			buildRules = (
			);
			dependencies = (
			);
			name = ImageViewDemo;
			productName = ImageViewDemo;
			productReference = 183CFB801A332CB400E74C87 /* ImageViewDemo.app */;
			productType = "com.apple.product-type.application";
		};
		183CFBA01A332CB400E74C87 /* ImageViewDemoTests */ = {
			isa = PBXNativeTarget;
			buildConfigurationList = 183CFBB61A332CB400E74C87 /* Build configuration list for PBXNativeTarget "ImageViewDemoTests" */;
			buildPhases = (
				183CFB9C1A332CB400E74C87 /* Sources */,
				183CFB9D1A332CB400E74C87 /* Frameworks */,
				183CFB9E1A332CB400E74C87 /* Resources */,
				183CFB9F1A332CB400E74C87 /* ShellScript */,
			);
			buildRules = (
			);
			dependencies = (
				183CFBA71A332CB400E74C87 /* PBXTargetDependency */,
			);
			name = ImageViewDemoTests;
			productName = ImageViewDemoTests;
			productReference = 183CFBA11A332CB400E74C87 /* ImageViewDemoTests.octest */;
			productType = "com.apple.product-type.bundle";
		};
/* End PBXNativeTarget section */

/* Begin PBXProject section */
		183CFB771A332CB400E74C87 /* Project object */ = {
			isa = PBXProject;
			attributes = {
				LastUpgradeCheck = 0450;
				ORGANIZATIONNAME = Wimc_051;
			};
			buildConfigurationList = 183CFB7A1A332CB400E74C87 /* Build configuration list for PBXProject "ImageViewDemo" */;
			compatibilityVersion = "Xcode 3.2";
			developmentRegion = English;
			hasScannedForEncodings = 0;
			knownRegions = (
				en,
			);
			mainGroup = 183CFB751A332CB400E74C87;
			productRefGroup = 183CFB811A332CB400E74C87 /* Products */;
			projectDirPath = "";
			projectRoot = "";
			targets = (
				183CFB7F1A332CB400E74C87 /* ImageViewDemo */,
				183CFBA01A332CB400E74C87 /* ImageViewDemoTests */,
			);
		};
/* End PBXProject section */

/* Begin PBXResourcesBuildPhase section */
		183CFB7E1A332CB400E74C87 /* Resources */ = {
			isa = PBXResourcesBuildPhase;
			buildActionMask = 2147483647;
			files = (
				183CFB8F1A332CB400E74C87 /* InfoPlist.strings in Resources */,
				183CFB971A332CB400E74C87 /* Default.png in Resources */,
				183CFB991A332CB400E74C87 /* Default@2x.png in Resources */,
				183CFB9B1A332CB400E74C87 /* Default-568h@2x.png in Resources */,
				183CFBBD1A332CCA00E74C87 /* FirstViewController.xib in Resources */,
				183CFBCD1A332ECA00E74C87 /* India.png in Resources */,
				183CFBCE1A332ECA00E74C87 /* Italy.png in Resources */,
				183CFBCF1A332ECA00E74C87 /* Netherlands.png in Resources */,
				183CFBD01A332ECA00E74C87 /* Russia.png in Resources */,
				183CFBD11A332ECA00E74C87 /* Ukraine.png in Resources */,
			);
			runOnlyForDeploymentPostprocessing = 0;
		};
		183CFB9E1A332CB400E74C87 /* Resources */ = {
			isa = PBXResourcesBuildPhase;
			buildActionMask = 2147483647;
			files = (
				183CFBAD1A332CB400E74C87 /* InfoPlist.strings in Resources */,
			);
			runOnlyForDeploymentPostprocessing = 0;
		};
/* End PBXResourcesBuildPhase section */

/* Begin PBXShellScriptBuildPhase section */
		183CFB9F1A332CB400E74C87 /* ShellScript */ = {
			isa = PBXShellScriptBuildPhase;
			buildActionMask = 2147483647;
			files = (
			);
			inputPaths = (
			);
			outputPaths = (
			);
			runOnlyForDeploymentPostprocessing = 0;
			shellPath = /bin/sh;
			shellScript = "# Run the unit tests in this test bundle.\n\"${SYSTEM_DEVELOPER_DIR}/Tools/RunUnitTests\"\n";
		};
/* End PBXShellScriptBuildPhase section */

/* Begin PBXSourcesBuildPhase section */
		183CFB7C1A332CB400E74C87 /* Sources */ = {
			isa = PBXSourcesBuildPhase;
			buildActionMask = 2147483647;
			files = (
				183CFB911A332CB400E74C87 /* main.m in Sources */,
				183CFB951A332CB400E74C87 /* AppDelegate.m in Sources */,
				183CFBBC1A332CCA00E74C87 /* FirstViewController.m in Sources */,
			);
			runOnlyForDeploymentPostprocessing = 0;
		};
		183CFB9C1A332CB400E74C87 /* Sources */ = {
			isa = PBXSourcesBuildPhase;
			buildActionMask = 2147483647;
			files = (
				183CFBB01A332CB400E74C87 /* ImageViewDemoTests.m in Sources */,
			);
			runOnlyForDeploymentPostprocessing = 0;
		};
/* End PBXSourcesBuildPhase section */

/* Begin PBXTargetDependency section */
		183CFBA71A332CB400E74C87 /* PBXTargetDependency */ = {
			isa = PBXTargetDependency;
			target = 183CFB7F1A332CB400E74C87 /* ImageViewDemo */;
			targetProxy = 183CFBA61A332CB400E74C87 /* PBXContainerItemProxy */;
		};
/* End PBXTargetDependency section */

/* Begin PBXVariantGroup section */
		183CFB8D1A332CB400E74C87 /* InfoPlist.strings */ = {
			isa = PBXVariantGroup;
			children = (
				183CFB8E1A332CB400E74C87 /* en */,
			);
			name = InfoPlist.strings;
			sourceTree = "<group>";
		};
		183CFBAB1A332CB400E74C87 /* InfoPlist.strings */ = {
			isa = PBXVariantGroup;
			children = (
				183CFBAC1A332CB400E74C87 /* en */,
			);
			name = InfoPlist.strings;
			sourceTree = "<group>";
		};
/* End PBXVariantGroup section */

/* Begin XCBuildConfiguration section */
		183CFBB11A332CB400E74C87 /* Debug */ = {
			isa = XCBuildConfiguration;
			buildSettings = {
				ALWAYS_SEARCH_USER_PATHS = NO;
				CLANG_CXX_LANGUAGE_STANDARD = "gnu++0x";
				CLANG_CXX_LIBRARY = "libc++";
				CLANG_ENABLE_OBJC_ARC = YES;
				CLANG_WARN_EMPTY_BODY = YES;
				CLANG_WARN__DUPLICATE_METHOD_MATCH = YES;
				"CODE_SIGN_IDENTITY[sdk=iphoneos*]" = "iPhone Developer";
				COPY_PHASE_STRIP = NO;
				GCC_C_LANGUAGE_STANDARD = gnu99;
				GCC_DYNAMIC_NO_PIC = NO;
				GCC_OPTIMIZATION_LEVEL = 0;
				GCC_PREPROCESSOR_DEFINITIONS = (
					"DEBUG=1",
					"$(inherited)",
				);
				GCC_SYMBOLS_PRIVATE_EXTERN = NO;
				GCC_WARN_ABOUT_RETURN_TYPE = YES;
				GCC_WARN_UNINITIALIZED_AUTOS = YES;
				GCC_WARN_UNUSED_VARIABLE = YES;
				IPHONEOS_DEPLOYMENT_TARGET = 6.0;
				ONLY_ACTIVE_ARCH = YES;
				SDKROOT = iphoneos;
			};
			name = Debug;
		};
		183CFBB21A332CB400E74C87 /* Release */ = {
			isa = XCBuildConfiguration;
			buildSettings = {
				ALWAYS_SEARCH_USER_PATHS = NO;
				CLANG_CXX_LANGUAGE_STANDARD = "gnu++0x";
				CLANG_CXX_LIBRARY = "libc++";
				CLANG_ENABLE_OBJC_ARC = YES;
				CLANG_WARN_EMPTY_BODY = YES;
				CLANG_WARN__DUPLICATE_METHOD_MATCH = YES;
				"CODE_SIGN_IDENTITY[sdk=iphoneos*]" = "iPhone Developer";
				COPY_PHASE_STRIP = YES;
				GCC_C_LANGUAGE_STANDARD = gnu99;
				GCC_WARN_ABOUT_RETURN_TYPE = YES;
				GCC_WARN_UNINITIALIZED_AUTOS = YES;
				GCC_WARN_UNUSED_VARIABLE = YES;
				IPHONEOS_DEPLOYMENT_TARGET = 6.0;
				OTHER_CFLAGS = "-DNS_BLOCK_ASSERTIONS=1";
				SDKROOT = iphoneos;
				VALIDATE_PRODUCT = YES;
			};
			name = Release;
		};
		183CFBB41A332CB400E74C87 /* Debug */ = {
			isa = XCBuildConfiguration;
			buildSettings = {
				GCC_PRECOMPILE_PREFIX_HEADER = YES;
				GCC_PREFIX_HEADER = "ImageViewDemo/ImageViewDemo-Prefix.pch";
				INFOPLIST_FILE = "ImageViewDemo/ImageViewDemo-Info.plist";
				PRODUCT_NAME = "$(TARGET_NAME)";
				WRAPPER_EXTENSION = app;
			};
			name = Debug;
		};
		183CFBB51A332CB400E74C87 /* Release */ = {
			isa = XCBuildConfiguration;
			buildSettings = {
				GCC_PRECOMPILE_PREFIX_HEADER = YES;
				GCC_PREFIX_HEADER = "ImageViewDemo/ImageViewDemo-Prefix.pch";
				INFOPLIST_FILE = "ImageViewDemo/ImageViewDemo-Info.plist";
				PRODUCT_NAME = "$(TARGET_NAME)";
				WRAPPER_EXTENSION = app;
			};
			name = Release;
		};
		183CFBB71A332CB400E74C87 /* Debug */ = {
			isa = XCBuildConfiguration;
			buildSettings = {
				BUNDLE_LOADER = "$(BUILT_PRODUCTS_DIR)/ImageViewDemo.app/ImageViewDemo";
				FRAMEWORK_SEARCH_PATHS = (
					"\"$(SDKROOT)/Developer/Library/Frameworks\"",
					"\"$(DEVELOPER_LIBRARY_DIR)/Frameworks\"",
				);
				GCC_PRECOMPILE_PREFIX_HEADER = YES;
				GCC_PREFIX_HEADER = "ImageViewDemo/ImageViewDemo-Prefix.pch";
				INFOPLIST_FILE = "ImageViewDemoTests/ImageViewDemoTests-Info.plist";
				PRODUCT_NAME = "$(TARGET_NAME)";
				TEST_HOST = "$(BUNDLE_LOADER)";
				WRAPPER_EXTENSION = octest;
			};
			name = Debug;
		};
		183CFBB81A332CB400E74C87 /* Release */ = {
			isa = XCBuildConfiguration;
			buildSettings = {
				BUNDLE_LOADER = "$(BUILT_PRODUCTS_DIR)/ImageViewDemo.app/ImageViewDemo";
				FRAMEWORK_SEARCH_PATHS = (
					"\"$(SDKROOT)/Developer/Library/Frameworks\"",
					"\"$(DEVELOPER_LIBRARY_DIR)/Frameworks\"",
				);
				GCC_PRECOMPILE_PREFIX_HEADER = YES;
				GCC_PREFIX_HEADER = "ImageViewDemo/ImageViewDemo-Prefix.pch";
				INFOPLIST_FILE = "ImageViewDemoTests/ImageViewDemoTests-Info.plist";
				PRODUCT_NAME = "$(TARGET_NAME)";
				TEST_HOST = "$(BUNDLE_LOADER)";
				WRAPPER_EXTENSION = octest;
			};
			name = Release;
		};
/* End XCBuildConfiguration section */

/* Begin XCConfigurationList section */
		183CFB7A1A332CB400E74C87 /* Build configuration list for PBXProject "ImageViewDemo" */ = {
			isa = XCConfigurationList;
			buildConfigurations = (
				183CFBB11A332CB400E74C87 /* Debug */,
				183CFBB21A332CB400E74C87 /* Release */,
			);
			defaultConfigurationIsVisible = 0;
			defaultConfigurationName = Release;
		};
		183CFBB31A332CB400E74C87 /* Build configuration list for PBXNativeTarget "ImageViewDemo" */ = {
			isa = XCConfigurationList;
			buildConfigurations = (
				183CFBB41A332CB400E74C87 /* Debug */,
				183CFBB51A332CB400E74C87 /* Release */,
			);
			defaultConfigurationIsVisible = 0;
		};
		183CFBB61A332CB400E74C87 /* Build configuration list for PBXNativeTarget "ImageViewDemoTests" */ = {
			isa = XCConfigurationList;
			buildConfigurations = (
				183CFBB71A332CB400E74C87 /* Debug */,
				183CFBB81A332CB400E74C87 /* Release */,
			);
			defaultConfigurationIsVisible = 0;
		};
/* End XCConfigurationList section */
	};
	rootObject = 183CFB771A332CB400E74C87 /* Project object */;
}
