// !$*UTF8*$!
{
	archiveVersion = 1;
	classes = {
	};
	objectVersion = 46;
	objects = {

/* Begin PBXBuildFile section */
		182CED421A3FE12C005C383B /* main.m in Sources */ = {isa = PBXBuildFile; fileRef = 182CED411A3FE12C005C383B /* main.m */; };
		182CED451A3FE12C005C383B /* AppDelegate.m in Sources */ = {isa = PBXBuildFile; fileRef = 182CED441A3FE12C005C383B /* AppDelegate.m */; };
		182CED481A3FE12C005C383B /* ViewController.m in Sources */ = {isa = PBXBuildFile; fileRef = 182CED471A3FE12C005C383B /* ViewController.m */; };
		182CED4B1A3FE12C005C383B /* Main.storyboard in Resources */ = {isa = PBXBuildFile; fileRef = 182CED491A3FE12C005C383B /* Main.storyboard */; };
		182CED4D1A3FE12C005C383B /* Images.xcassets in Resources */ = {isa = PBXBuildFile; fileRef = 182CED4C1A3FE12C005C383B /* Images.xcassets */; };
		182CED501A3FE12C005C383B /* LaunchScreen.xib in Resources */ = {isa = PBXBuildFile; fileRef = 182CED4E1A3FE12C005C383B /* LaunchScreen.xib */; };
		182CED5C1A3FE12C005C383B /* AddressBookDemoTests.m in Sources */ = {isa = PBXBuildFile; fileRef = 182CED5B1A3FE12C005C383B /* AddressBookDemoTests.m */; };
		182CED661A3FE14E005C383B /* AddressBook.framework in Frameworks */ = {isa = PBXBuildFile; fileRef = 182CED651A3FE14E005C383B /* AddressBook.framework */; };
		182CED691A3FE191005C383B /* ContactTableViewController.m in Sources */ = {isa = PBXBuildFile; fileRef = 182CED681A3FE191005C383B /* ContactTableViewController.m */; };
		18D29C871A400068005E3DA6 /* AddressBookUI.framework in Frameworks */ = {isa = PBXBuildFile; fileRef = 18D29C861A400068005E3DA6 /* AddressBookUI.framework */; };
/* End PBXBuildFile section */

/* Begin PBXContainerItemProxy section */
		182CED561A3FE12C005C383B /* PBXContainerItemProxy */ = {
			isa = PBXContainerItemProxy;
			containerPortal = 182CED341A3FE12C005C383B /* Project object */;
			proxyType = 1;
			remoteGlobalIDString = 182CED3B1A3FE12C005C383B;
			remoteInfo = AddressBookDemo;
		};
/* End PBXContainerItemProxy section */

/* Begin PBXFileReference section */
		182CED3C1A3FE12C005C383B /* AddressBookDemo.app */ = {isa = PBXFileReference; explicitFileType = wrapper.application; includeInIndex = 0; path = AddressBookDemo.app; sourceTree = BUILT_PRODUCTS_DIR; };
		182CED401A3FE12C005C383B /* Info.plist */ = {isa = PBXFileReference; lastKnownFileType = text.plist.xml; path = Info.plist; sourceTree = "<group>"; };
		182CED411A3FE12C005C383B /* main.m */ = {isa = PBXFileReference; lastKnownFileType = sourcecode.c.objc; path = main.m; sourceTree = "<group>"; };
		182CED431A3FE12C005C383B /* AppDelegate.h */ = {isa = PBXFileReference; lastKnownFileType = sourcecode.c.h; path = AppDelegate.h; sourceTree = "<group>"; };
		182CED441A3FE12C005C383B /* AppDelegate.m */ = {isa = PBXFileReference; lastKnownFileType = sourcecode.c.objc; path = AppDelegate.m; sourceTree = "<group>"; };
		182CED461A3FE12C005C383B /* ViewController.h */ = {isa = PBXFileReference; lastKnownFileType = sourcecode.c.h; path = ViewController.h; sourceTree = "<group>"; };
		182CED471A3FE12C005C383B /* ViewController.m */ = {isa = PBXFileReference; lastKnownFileType = sourcecode.c.objc; path = ViewController.m; sourceTree = "<group>"; };
		182CED4A1A3FE12C005C383B /* Base */ = {isa = PBXFileReference; lastKnownFileType = file.storyboard; name = Base; path = Base.lproj/Main.storyboard; sourceTree = "<group>"; };
		182CED4C1A3FE12C005C383B /* Images.xcassets */ = {isa = PBXFileReference; lastKnownFileType = folder.assetcatalog; path = Images.xcassets; sourceTree = "<group>"; };
		182CED4F1A3FE12C005C383B /* Base */ = {isa = PBXFileReference; lastKnownFileType = file.xib; name = Base; path = Base.lproj/LaunchScreen.xib; sourceTree = "<group>"; };
		182CED551A3FE12C005C383B /* AddressBookDemoTests.xctest */ = {isa = PBXFileReference; explicitFileType = wrapper.cfbundle; includeInIndex = 0; path = AddressBookDemoTests.xctest; sourceTree = BUILT_PRODUCTS_DIR; };
		182CED5A1A3FE12C005C383B /* Info.plist */ = {isa = PBXFileReference; lastKnownFileType = text.plist.xml; path = Info.plist; sourceTree = "<group>"; };
		182CED5B1A3FE12C005C383B /* AddressBookDemoTests.m */ = {isa = PBXFileReference; lastKnownFileType = sourcecode.c.objc; path = AddressBookDemoTests.m; sourceTree = "<group>"; };
		182CED651A3FE14E005C383B /* AddressBook.framework */ = {isa = PBXFileReference; lastKnownFileType = wrapper.framework; name = AddressBook.framework; path = System/Library/Frameworks/AddressBook.framework; sourceTree = SDKROOT; };
		182CED671A3FE191005C383B /* ContactTableViewController.h */ = {isa = PBXFileReference; fileEncoding = 4; lastKnownFileType = sourcecode.c.h; path = ContactTableViewController.h; sourceTree = "<group>"; };
		182CED681A3FE191005C383B /* ContactTableViewController.m */ = {isa = PBXFileReference; fileEncoding = 4; lastKnownFileType = sourcecode.c.objc; path = ContactTableViewController.m; sourceTree = "<group>"; };
		18D29C861A400068005E3DA6 /* AddressBookUI.framework */ = {isa = PBXFileReference; lastKnownFileType = wrapper.framework; name = AddressBookUI.framework; path = System/Library/Frameworks/AddressBookUI.framework; sourceTree = SDKROOT; };
/* End PBXFileReference section */

/* Begin PBXFrameworksBuildPhase section */
		182CED391A3FE12C005C383B /* Frameworks */ = {
			isa = PBXFrameworksBuildPhase;
			buildActionMask = 2147483647;
			files = (
				18D29C871A400068005E3DA6 /* AddressBookUI.framework in Frameworks */,
				182CED661A3FE14E005C383B /* AddressBook.framework in Frameworks */,
			);
			runOnlyForDeploymentPostprocessing = 0;
		};
		182CED521A3FE12C005C383B /* Frameworks */ = {
			isa = PBXFrameworksBuildPhase;
			buildActionMask = 2147483647;
			files = (
			);
			runOnlyForDeploymentPostprocessing = 0;
		};
/* End PBXFrameworksBuildPhase section */

/* Begin PBXGroup section */
		182CED331A3FE12C005C383B = {
			isa = PBXGroup;
			children = (
				18D29C861A400068005E3DA6 /* AddressBookUI.framework */,
				182CED671A3FE191005C383B /* ContactTableViewController.h */,
				182CED681A3FE191005C383B /* ContactTableViewController.m */,
				182CED651A3FE14E005C383B /* AddressBook.framework */,
				182CED3E1A3FE12C005C383B /* AddressBookDemo */,
				182CED581A3FE12C005C383B /* AddressBookDemoTests */,
				182CED3D1A3FE12C005C383B /* Products */,
			);
			sourceTree = "<group>";
		};
		182CED3D1A3FE12C005C383B /* Products */ = {
			isa = PBXGroup;
			children = (
				182CED3C1A3FE12C005C383B /* AddressBookDemo.app */,
				182CED551A3FE12C005C383B /* AddressBookDemoTests.xctest */,
			);
			name = Products;
			sourceTree = "<group>";
		};
		182CED3E1A3FE12C005C383B /* AddressBookDemo */ = {
			isa = PBXGroup;
			children = (
				182CED431A3FE12C005C383B /* AppDelegate.h */,
				182CED441A3FE12C005C383B /* AppDelegate.m */,
				182CED461A3FE12C005C383B /* ViewController.h */,
				182CED471A3FE12C005C383B /* ViewController.m */,
				182CED491A3FE12C005C383B /* Main.storyboard */,
				182CED4C1A3FE12C005C383B /* Images.xcassets */,
				182CED4E1A3FE12C005C383B /* LaunchScreen.xib */,
				182CED3F1A3FE12C005C383B /* Supporting Files */,
			);
			path = AddressBookDemo;
			sourceTree = "<group>";
		};
		182CED3F1A3FE12C005C383B /* Supporting Files */ = {
			isa = PBXGroup;
			children = (
				182CED401A3FE12C005C383B /* Info.plist */,
				182CED411A3FE12C005C383B /* main.m */,
			);
			name = "Supporting Files";
			sourceTree = "<group>";
		};
		182CED581A3FE12C005C383B /* AddressBookDemoTests */ = {
			isa = PBXGroup;
			children = (
				182CED5B1A3FE12C005C383B /* AddressBookDemoTests.m */,
				182CED591A3FE12C005C383B /* Supporting Files */,
			);
			path = AddressBookDemoTests;
			sourceTree = "<group>";
		};
		182CED591A3FE12C005C383B /* Supporting Files */ = {
			isa = PBXGroup;
			children = (
				182CED5A1A3FE12C005C383B /* Info.plist */,
			);
			name = "Supporting Files";
			sourceTree = "<group>";
		};
/* End PBXGroup section */

/* Begin PBXNativeTarget section */
		182CED3B1A3FE12C005C383B /* AddressBookDemo */ = {
			isa = PBXNativeTarget;
			buildConfigurationList = 182CED5F1A3FE12C005C383B /* Build configuration list for PBXNativeTarget "AddressBookDemo" */;
			buildPhases = (
				182CED381A3FE12C005C383B /* Sources */,
				182CED391A3FE12C005C383B /* Frameworks */,
				182CED3A1A3FE12C005C383B /* Resources */,
			);
			buildRules = (
			);
			dependencies = (
			);
			name = AddressBookDemo;
			productName = AddressBookDemo;
			productReference = 182CED3C1A3FE12C005C383B /* AddressBookDemo.app */;
			productType = "com.apple.product-type.application";
		};
		182CED541A3FE12C005C383B /* AddressBookDemoTests */ = {
			isa = PBXNativeTarget;
			buildConfigurationList = 182CED621A3FE12C005C383B /* Build configuration list for PBXNativeTarget "AddressBookDemoTests" */;
			buildPhases = (
				182CED511A3FE12C005C383B /* Sources */,
				182CED521A3FE12C005C383B /* Frameworks */,
				182CED531A3FE12C005C383B /* Resources */,
			);
			buildRules = (
			);
			dependencies = (
				182CED571A3FE12C005C383B /* PBXTargetDependency */,
			);
			name = AddressBookDemoTests;
			productName = AddressBookDemoTests;
			productReference = 182CED551A3FE12C005C383B /* AddressBookDemoTests.xctest */;
			productType = "com.apple.product-type.bundle.unit-test";
		};
/* End PBXNativeTarget section */

/* Begin PBXProject section */
		182CED341A3FE12C005C383B /* Project object */ = {
			isa = PBXProject;
			attributes = {
				LastUpgradeCheck = 0600;
				ORGANIZATIONNAME = Wimc_051;
				TargetAttributes = {
					182CED3B1A3FE12C005C383B = {
						CreatedOnToolsVersion = 6.0;
					};
					182CED541A3FE12C005C383B = {
						CreatedOnToolsVersion = 6.0;
						TestTargetID = 182CED3B1A3FE12C005C383B;
					};
				};
			};
			buildConfigurationList = 182CED371A3FE12C005C383B /* Build configuration list for PBXProject "AddressBookDemo" */;
			compatibilityVersion = "Xcode 3.2";
			developmentRegion = English;
			hasScannedForEncodings = 0;
			knownRegions = (
				en,
				Base,
			);
			mainGroup = 182CED331A3FE12C005C383B;
			productRefGroup = 182CED3D1A3FE12C005C383B /* Products */;
			projectDirPath = "";
			projectRoot = "";
			targets = (
				182CED3B1A3FE12C005C383B /* AddressBookDemo */,
				182CED541A3FE12C005C383B /* AddressBookDemoTests */,
			);
		};
/* End PBXProject section */

/* Begin PBXResourcesBuildPhase section */
		182CED3A1A3FE12C005C383B /* Resources */ = {
			isa = PBXResourcesBuildPhase;
			buildActionMask = 2147483647;
			files = (
				182CED4B1A3FE12C005C383B /* Main.storyboard in Resources */,
				182CED501A3FE12C005C383B /* LaunchScreen.xib in Resources */,
				182CED4D1A3FE12C005C383B /* Images.xcassets in Resources */,
			);
			runOnlyForDeploymentPostprocessing = 0;
		};
		182CED531A3FE12C005C383B /* Resources */ = {
			isa = PBXResourcesBuildPhase;
			buildActionMask = 2147483647;
			files = (
			);
			runOnlyForDeploymentPostprocessing = 0;
		};
/* End PBXResourcesBuildPhase section */

/* Begin PBXSourcesBuildPhase section */
		182CED381A3FE12C005C383B /* Sources */ = {
			isa = PBXSourcesBuildPhase;
			buildActionMask = 2147483647;
			files = (
				182CED481A3FE12C005C383B /* ViewController.m in Sources */,
				182CED451A3FE12C005C383B /* AppDelegate.m in Sources */,
				182CED691A3FE191005C383B /* ContactTableViewController.m in Sources */,
				182CED421A3FE12C005C383B /* main.m in Sources */,
			);
			runOnlyForDeploymentPostprocessing = 0;
		};
		182CED511A3FE12C005C383B /* Sources */ = {
			isa = PBXSourcesBuildPhase;
			buildActionMask = 2147483647;
			files = (
				182CED5C1A3FE12C005C383B /* AddressBookDemoTests.m in Sources */,
			);
			runOnlyForDeploymentPostprocessing = 0;
		};
/* End PBXSourcesBuildPhase section */

/* Begin PBXTargetDependency section */
		182CED571A3FE12C005C383B /* PBXTargetDependency */ = {
			isa = PBXTargetDependency;
			target = 182CED3B1A3FE12C005C383B /* AddressBookDemo */;
			targetProxy = 182CED561A3FE12C005C383B /* PBXContainerItemProxy */;
		};
/* End PBXTargetDependency section */

/* Begin PBXVariantGroup section */
		182CED491A3FE12C005C383B /* Main.storyboard */ = {
			isa = PBXVariantGroup;
			children = (
				182CED4A1A3FE12C005C383B /* Base */,
			);
			name = Main.storyboard;
			sourceTree = "<group>";
		};
		182CED4E1A3FE12C005C383B /* LaunchScreen.xib */ = {
			isa = PBXVariantGroup;
			children = (
				182CED4F1A3FE12C005C383B /* Base */,
			);
			name = LaunchScreen.xib;
			sourceTree = "<group>";
		};
/* End PBXVariantGroup section */

/* Begin XCBuildConfiguration section */
		182CED5D1A3FE12C005C383B /* Debug */ = {
			isa = XCBuildConfiguration;
			buildSettings = {
				ALWAYS_SEARCH_USER_PATHS = NO;
				CLANG_CXX_LANGUAGE_STANDARD = "gnu++0x";
				CLANG_CXX_LIBRARY = "libc++";
				CLANG_ENABLE_MODULES = YES;
				CLANG_ENABLE_OBJC_ARC = YES;
				CLANG_WARN_BOOL_CONVERSION = YES;
				CLANG_WARN_CONSTANT_CONVERSION = YES;
				CLANG_WARN_DIRECT_OBJC_ISA_USAGE = YES_ERROR;
				CLANG_WARN_EMPTY_BODY = YES;
				CLANG_WARN_ENUM_CONVERSION = YES;
				CLANG_WARN_INT_CONVERSION = YES;
				CLANG_WARN_OBJC_ROOT_CLASS = YES_ERROR;
				CLANG_WARN_UNREACHABLE_CODE = YES;
				CLANG_WARN__DUPLICATE_METHOD_MATCH = YES;
				"CODE_SIGN_IDENTITY[sdk=iphoneos*]" = "iPhone Developer";
				COPY_PHASE_STRIP = NO;
				ENABLE_STRICT_OBJC_MSGSEND = YES;
				GCC_C_LANGUAGE_STANDARD = gnu99;
				GCC_DYNAMIC_NO_PIC = NO;
				GCC_OPTIMIZATION_LEVEL = 0;
				GCC_PREPROCESSOR_DEFINITIONS = (
					"DEBUG=1",
					"$(inherited)",
				);
				GCC_SYMBOLS_PRIVATE_EXTERN = NO;
				GCC_WARN_64_TO_32_BIT_CONVERSION = YES;
				GCC_WARN_ABOUT_RETURN_TYPE = YES_ERROR;
				GCC_WARN_UNDECLARED_SELECTOR = YES;
				GCC_WARN_UNINITIALIZED_AUTOS = YES_AGGRESSIVE;
				GCC_WARN_UNUSED_FUNCTION = YES;
				GCC_WARN_UNUSED_VARIABLE = YES;
				IPHONEOS_DEPLOYMENT_TARGET = 8.0;
				MTL_ENABLE_DEBUG_INFO = YES;
				ONLY_ACTIVE_ARCH = YES;
				SDKROOT = iphoneos;
			};
			name = Debug;
		};
		182CED5E1A3FE12C005C383B /* Release */ = {
			isa = XCBuildConfiguration;
			buildSettings = {
				ALWAYS_SEARCH_USER_PATHS = NO;
				CLANG_CXX_LANGUAGE_STANDARD = "gnu++0x";
				CLANG_CXX_LIBRARY = "libc++";
				CLANG_ENABLE_MODULES = YES;
				CLANG_ENABLE_OBJC_ARC = YES;
				CLANG_WARN_BOOL_CONVERSION = YES;
				CLANG_WARN_CONSTANT_CONVERSION = YES;
				CLANG_WARN_DIRECT_OBJC_ISA_USAGE = YES_ERROR;
				CLANG_WARN_EMPTY_BODY = YES;
				CLANG_WARN_ENUM_CONVERSION = YES;
				CLANG_WARN_INT_CONVERSION = YES;
				CLANG_WARN_OBJC_ROOT_CLASS = YES_ERROR;
				CLANG_WARN_UNREACHABLE_CODE = YES;
				CLANG_WARN__DUPLICATE_METHOD_MATCH = YES;
				"CODE_SIGN_IDENTITY[sdk=iphoneos*]" = "iPhone Developer";
				COPY_PHASE_STRIP = YES;
				ENABLE_NS_ASSERTIONS = NO;
				ENABLE_STRICT_OBJC_MSGSEND = YES;
				GCC_C_LANGUAGE_STANDARD = gnu99;
				GCC_WARN_64_TO_32_BIT_CONVERSION = YES;
				GCC_WARN_ABOUT_RETURN_TYPE = YES_ERROR;
				GCC_WARN_UNDECLARED_SELECTOR = YES;
				GCC_WARN_UNINITIALIZED_AUTOS = YES_AGGRESSIVE;
				GCC_WARN_UNUSED_FUNCTION = YES;
				GCC_WARN_UNUSED_VARIABLE = YES;
				IPHONEOS_DEPLOYMENT_TARGET = 8.0;
				MTL_ENABLE_DEBUG_INFO = NO;
				SDKROOT = iphoneos;
				VALIDATE_PRODUCT = YES;
			};
			name = Release;
		};
		182CED601A3FE12C005C383B /* Debug */ = {
			isa = XCBuildConfiguration;
			buildSettings = {
				ASSETCATALOG_COMPILER_APPICON_NAME = AppIcon;
				INFOPLIST_FILE = AddressBookDemo/Info.plist;
				IPHONEOS_DEPLOYMENT_TARGET = 8.0;
				LD_RUNPATH_SEARCH_PATHS = "$(inherited) @executable_path/Frameworks";
				PRODUCT_NAME = "$(TARGET_NAME)";
			};
			name = Debug;
		};
		182CED611A3FE12C005C383B /* Release */ = {
			isa = XCBuildConfiguration;
			buildSettings = {
				ASSETCATALOG_COMPILER_APPICON_NAME = AppIcon;
				INFOPLIST_FILE = AddressBookDemo/Info.plist;
				IPHONEOS_DEPLOYMENT_TARGET = 8.0;
				LD_RUNPATH_SEARCH_PATHS = "$(inherited) @executable_path/Frameworks";
				PRODUCT_NAME = "$(TARGET_NAME)";
			};
			name = Release;
		};
		182CED631A3FE12C005C383B /* Debug */ = {
			isa = XCBuildConfiguration;
			buildSettings = {
				BUNDLE_LOADER = "$(TEST_HOST)";
				FRAMEWORK_SEARCH_PATHS = (
					"$(SDKROOT)/Developer/Library/Frameworks",
					"$(inherited)",
				);
				GCC_PREPROCESSOR_DEFINITIONS = (
					"DEBUG=1",
					"$(inherited)",
				);
				INFOPLIST_FILE = AddressBookDemoTests/Info.plist;
				LD_RUNPATH_SEARCH_PATHS = "$(inherited) @executable_path/Frameworks @loader_path/Frameworks";
				PRODUCT_NAME = "$(TARGET_NAME)";
				TEST_HOST = "$(BUILT_PRODUCTS_DIR)/AddressBookDemo.app/AddressBookDemo";
			};
			name = Debug;
		};
		182CED641A3FE12C005C383B /* Release */ = {
			isa = XCBuildConfiguration;
			buildSettings = {
				BUNDLE_LOADER = "$(TEST_HOST)";
				FRAMEWORK_SEARCH_PATHS = (
					"$(SDKROOT)/Developer/Library/Frameworks",
					"$(inherited)",
				);
				INFOPLIST_FILE = AddressBookDemoTests/Info.plist;
				LD_RUNPATH_SEARCH_PATHS = "$(inherited) @executable_path/Frameworks @loader_path/Frameworks";
				PRODUCT_NAME = "$(TARGET_NAME)";
				TEST_HOST = "$(BUILT_PRODUCTS_DIR)/AddressBookDemo.app/AddressBookDemo";
			};
			name = Release;
		};
/* End XCBuildConfiguration section */

/* Begin XCConfigurationList section */
		182CED371A3FE12C005C383B /* Build configuration list for PBXProject "AddressBookDemo" */ = {
			isa = XCConfigurationList;
			buildConfigurations = (
				182CED5D1A3FE12C005C383B /* Debug */,
				182CED5E1A3FE12C005C383B /* Release */,
			);
			defaultConfigurationIsVisible = 0;
			defaultConfigurationName = Release;
		};
		182CED5F1A3FE12C005C383B /* Build configuration list for PBXNativeTarget "AddressBookDemo" */ = {
			isa = XCConfigurationList;
			buildConfigurations = (
				182CED601A3FE12C005C383B /* Debug */,
				182CED611A3FE12C005C383B /* Release */,
			);
			defaultConfigurationIsVisible = 0;
			defaultConfigurationName = Release;
		};
		182CED621A3FE12C005C383B /* Build configuration list for PBXNativeTarget "AddressBookDemoTests" */ = {
			isa = XCConfigurationList;
			buildConfigurations = (
				182CED631A3FE12C005C383B /* Debug */,
				182CED641A3FE12C005C383B /* Release */,
			);
			defaultConfigurationIsVisible = 0;
			defaultConfigurationName = Release;
		};
/* End XCConfigurationList section */
	};
	rootObject = 182CED341A3FE12C005C383B /* Project object */;
}
